
Microsoft Visual Studio Solution File, Format Version 12.00
# Visual Studio Version 17
VisualStudioVersion = 17.12.35707.178
MinimumVisualStudioVersion = 10.0.40219.1
Project("{FAE04EC0-301F-11D3-BF4B-00C04F79EFBC}") = "Chain of Responsibility", "Chain of Responsibility\Chain of Responsibility.csproj", "{02658A8E-F335-468F-B628-89DE76147502}"
EndProject
Project("{FAE04EC0-301F-11D3-BF4B-00C04F79EFBC}") = "Mediator", "Mediator\Mediator.csproj", "{F98E9B31-FB55-459E-86D7-FC03997B2B97}"
EndProject
Project("{FAE04EC0-301F-11D3-BF4B-00C04F79EFBC}") = "Observer", "Observer\Observer.csproj", "{5816DBFA-50CF-44DB-A790-598AD2AC2BA5}"
EndProject
Project("{FAE04EC0-301F-11D3-BF4B-00C04F79EFBC}") = "Strategy", "Strategy\Strategy.csproj", "{38596C46-C825-4966-961E-1606B2C1CCBF}"
EndProject
Global
	GlobalSection(SolutionConfigurationPlatforms) = preSolution
		Debug|Any CPU = Debug|Any CPU
		Release|Any CPU = Release|Any CPU
	EndGlobalSection
	GlobalSection(ProjectConfigurationPlatforms) = postSolution
		{02658A8E-F335-468F-B628-89DE76147502}.Debug|Any CPU.ActiveCfg = Debug|Any CPU
		{02658A8E-F335-468F-B628-89DE76147502}.Debug|Any CPU.Build.0 = Debug|Any CPU
		{02658A8E-F335-468F-B628-89DE76147502}.Release|Any CPU.ActiveCfg = Release|Any CPU
		{02658A8E-F335-468F-B628-89DE76147502}.Release|Any CPU.Build.0 = Release|Any CPU
		{F98E9B31-FB55-459E-86D7-FC03997B2B97}.Debug|Any CPU.ActiveCfg = Debug|Any CPU
		{F98E9B31-FB55-459E-86D7-FC03997B2B97}.Debug|Any CPU.Build.0 = Debug|Any CPU
		{F98E9B31-FB55-459E-86D7-FC03997B2B97}.Release|Any CPU.ActiveCfg = Release|Any CPU
		{F98E9B31-FB55-459E-86D7-FC03997B2B97}.Release|Any CPU.Build.0 = Release|Any CPU
		{5816DBFA-50CF-44DB-A790-598AD2AC2BA5}.Debug|Any CPU.ActiveCfg = Debug|Any CPU
		{5816DBFA-50CF-44DB-A790-598AD2AC2BA5}.Debug|Any CPU.Build.0 = Debug|Any CPU
		{5816DBFA-50CF-44DB-A790-598AD2AC2BA5}.Release|Any CPU.ActiveCfg = Release|Any CPU
		{5816DBFA-50CF-44DB-A790-598AD2AC2BA5}.Release|Any CPU.Build.0 = Release|Any CPU
		{38596C46-C825-4966-961E-1606B2C1CCBF}.Debug|Any CPU.ActiveCfg = Debug|Any CPU
		{38596C46-C825-4966-961E-1606B2C1CCBF}.Debug|Any CPU.Build.0 = Debug|Any CPU
		{38596C46-C825-4966-961E-1606B2C1CCBF}.Release|Any CPU.ActiveCfg = Release|Any CPU
		{38596C46-C825-4966-961E-1606B2C1CCBF}.Release|Any CPU.Build.0 = Release|Any CPU
	EndGlobalSection
	GlobalSection(SolutionProperties) = preSolution
		HideSolutionNode = FALSE
	EndGlobalSection
EndGlobal
