
Microsoft Visual Studio Solution File, Format Version 12.00
# Visual Studio Version 17
VisualStudioVersion = 17.12.35707.178 d17.12
MinimumVisualStudioVersion = 10.0.40219.1
Project("{FAE04EC0-301F-11D3-BF4B-00C04F79EFBC}") = "FactoryMethod", "FactoryMethod\FactoryMethod.csproj", "{DFF4BE7E-C3E9-47A8-9614-50DE48B59C32}"
EndProject
Project("{FAE04EC0-301F-11D3-BF4B-00C04F79EFBC}") = "AbstractFactory", "AbstractFactory\AbstractFactory.csproj", "{CECE7289-66BE-4B0C-B3E1-275742A3939E}"
EndProject
Project("{FAE04EC0-301F-11D3-BF4B-00C04F79EFBC}") = "Singleton", "Singleton\Singleton.csproj", "{EEC9C1D1-1B74-4CF5-9C8D-0A5D6D3FE47E}"
EndProject
Global
	GlobalSection(SolutionConfigurationPlatforms) = preSolution
		Debug|Any CPU = Debug|Any CPU
		Release|Any CPU = Release|Any CPU
	EndGlobalSection
	GlobalSection(ProjectConfigurationPlatforms) = postSolution
		{DFF4BE7E-C3E9-47A8-9614-50DE48B59C32}.Debug|Any CPU.ActiveCfg = Debug|Any CPU
		{DFF4BE7E-C3E9-47A8-9614-50DE48B59C32}.Debug|Any CPU.Build.0 = Debug|Any CPU
		{DFF4BE7E-C3E9-47A8-9614-50DE48B59C32}.Release|Any CPU.ActiveCfg = Release|Any CPU
		{DFF4BE7E-C3E9-47A8-9614-50DE48B59C32}.Release|Any CPU.Build.0 = Release|Any CPU
		{CECE7289-66BE-4B0C-B3E1-275742A3939E}.Debug|Any CPU.ActiveCfg = Debug|Any CPU
		{CECE7289-66BE-4B0C-B3E1-275742A3939E}.Debug|Any CPU.Build.0 = Debug|Any CPU
		{CECE7289-66BE-4B0C-B3E1-275742A3939E}.Release|Any CPU.ActiveCfg = Release|Any CPU
		{CECE7289-66BE-4B0C-B3E1-275742A3939E}.Release|Any CPU.Build.0 = Release|Any CPU
		{EEC9C1D1-1B74-4CF5-9C8D-0A5D6D3FE47E}.Debug|Any CPU.ActiveCfg = Debug|Any CPU
		{EEC9C1D1-1B74-4CF5-9C8D-0A5D6D3FE47E}.Debug|Any CPU.Build.0 = Debug|Any CPU
		{EEC9C1D1-1B74-4CF5-9C8D-0A5D6D3FE47E}.Release|Any CPU.ActiveCfg = Release|Any CPU
		{EEC9C1D1-1B74-4CF5-9C8D-0A5D6D3FE47E}.Release|Any CPU.Build.0 = Release|Any CPU
	EndGlobalSection
	GlobalSection(SolutionProperties) = preSolution
		HideSolutionNode = FALSE
	EndGlobalSection
EndGlobal
